// !$*UTF8*$!
{
	archiveVersion = 1;
	classes = {
	};
	objectVersion = 56;
	objects = {

/* Begin PBXBuildFile section */
		2274F1122AA19CF5009D6140 /* TestSUIApp.swift in Sources */ = {isa = PBXBuildFile; fileRef = 2274F1112AA19CF5009D6140 /* TestSUIApp.swift */; };
		2274F1142AA19CF5009D6140 /* ContentView.swift in Sources */ = {isa = PBXBuildFile; fileRef = 2274F1132AA19CF5009D6140 /* ContentView.swift */; };
		2274F1162AA19CF6009D6140 /* Assets.xcassets in Resources */ = {isa = PBXBuildFile; fileRef = 2274F1152AA19CF6009D6140 /* Assets.xcassets */; };
		2274F1192AA19CF6009D6140 /* Preview Assets.xcassets in Resources */ = {isa = PBXBuildFile; fileRef = 2274F1182AA19CF6009D6140 /* Preview Assets.xcassets */; };
		2274F1232AA19CF6009D6140 /* TestSUITests.swift in Sources */ = {isa = PBXBuildFile; fileRef = 2274F1222AA19CF6009D6140 /* TestSUITests.swift */; };
		2274F12D2AA19CF6009D6140 /* TestSUIUITests.swift in Sources */ = {isa = PBXBuildFile; fileRef = 2274F12C2AA19CF6009D6140 /* TestSUIUITests.swift */; };
		2274F12F2AA19CF6009D6140 /* TestSUIUITestsLaunchTests.swift in Sources */ = {isa = PBXBuildFile; fileRef = 2274F12E2AA19CF6009D6140 /* TestSUIUITestsLaunchTests.swift */; };
/* End PBXBuildFile section */

/* Begin PBXContainerItemProxy section */
		2274F11F2AA19CF6009D6140 /* PBXContainerItemProxy */ = {
			isa = PBXContainerItemProxy;
			containerPortal = 2274F1062AA19CF5009D6140 /* Project object */;
			proxyType = 1;
			remoteGlobalIDString = 2274F10D2AA19CF5009D6140;
			remoteInfo = TestSUI;
		};
		2274F1292AA19CF6009D6140 /* PBXContainerItemProxy */ = {
			isa = PBXContainerItemProxy;
			containerPortal = 2274F1062AA19CF5009D6140 /* Project object */;
			proxyType = 1;
			remoteGlobalIDString = 2274F10D2AA19CF5009D6140;
			remoteInfo = TestSUI;
		};
/* End PBXContainerItemProxy section */

/* Begin PBXFileReference section */
		2274F10E2AA19CF5009D6140 /* TestSUI.app */ = {isa = PBXFileReference; explicitFileType = wrapper.application; includeInIndex = 0; path = TestSUI.app; sourceTree = BUILT_PRODUCTS_DIR; };
		2274F1112AA19CF5009D6140 /* TestSUIApp.swift */ = {isa = PBXFileReference; lastKnownFileType = sourcecode.swift; path = TestSUIApp.swift; sourceTree = "<group>"; };
		2274F1132AA19CF5009D6140 /* ContentView.swift */ = {isa = PBXFileReference; lastKnownFileType = sourcecode.swift; path = ContentView.swift; sourceTree = "<group>"; };
		2274F1152AA19CF6009D6140 /* Assets.xcassets */ = {isa = PBXFileReference; lastKnownFileType = folder.assetcatalog; path = Assets.xcassets; sourceTree = "<group>"; };
		2274F1182AA19CF6009D6140 /* Preview Assets.xcassets */ = {isa = PBXFileReference; lastKnownFileType = folder.assetcatalog; path = "Preview Assets.xcassets"; sourceTree = "<group>"; };
		2274F11E2AA19CF6009D6140 /* TestSUITests.xctest */ = {isa = PBXFileReference; explicitFileType = wrapper.cfbundle; includeInIndex = 0; path = TestSUITests.xctest; sourceTree = BUILT_PRODUCTS_DIR; };
		2274F1222AA19CF6009D6140 /* TestSUITests.swift */ = {isa = PBXFileReference; lastKnownFileType = sourcecode.swift; path = TestSUITests.swift; sourceTree = "<group>"; };
		2274F1282AA19CF6009D6140 /* TestSUIUITests.xctest */ = {isa = PBXFileReference; explicitFileType = wrapper.cfbundle; includeInIndex = 0; path = TestSUIUITests.xctest; sourceTree = BUILT_PRODUCTS_DIR; };
		2274F12C2AA19CF6009D6140 /* TestSUIUITests.swift */ = {isa = PBXFileReference; lastKnownFileType = sourcecode.swift; path = TestSUIUITests.swift; sourceTree = "<group>"; };
		2274F12E2AA19CF6009D6140 /* TestSUIUITestsLaunchTests.swift */ = {isa = PBXFileReference; lastKnownFileType = sourcecode.swift; path = TestSUIUITestsLaunchTests.swift; sourceTree = "<group>"; };
/* End PBXFileReference section */

/* Begin PBXFrameworksBuildPhase section */
		2274F10B2AA19CF5009D6140 /* Frameworks */ = {
			isa = PBXFrameworksBuildPhase;
			buildActionMask = 2147483647;
			files = (
			);
			runOnlyForDeploymentPostprocessing = 0;
		};
		2274F11B2AA19CF6009D6140 /* Frameworks */ = {
			isa = PBXFrameworksBuildPhase;
			buildActionMask = 2147483647;
			files = (
			);
			runOnlyForDeploymentPostprocessing = 0;
		};
		2274F1252AA19CF6009D6140 /* Frameworks */ = {
			isa = PBXFrameworksBuildPhase;
			buildActionMask = 2147483647;
			files = (
			);
			runOnlyForDeploymentPostprocessing = 0;
		};
/* End PBXFrameworksBuildPhase section */

/* Begin PBXGroup section */
		2274F1052AA19CF5009D6140 = {
			isa = PBXGroup;
			children = (
				2274F1102AA19CF5009D6140 /* TestSUI */,
				2274F1212AA19CF6009D6140 /* TestSUITests */,
				2274F12B2AA19CF6009D6140 /* TestSUIUITests */,
				2274F10F2AA19CF5009D6140 /* Products */,
			);
			sourceTree = "<group>";
		};
		2274F10F2AA19CF5009D6140 /* Products */ = {
			isa = PBXGroup;
			children = (
				2274F10E2AA19CF5009D6140 /* TestSUI.app */,
				2274F11E2AA19CF6009D6140 /* TestSUITests.xctest */,
				2274F1282AA19CF6009D6140 /* TestSUIUITests.xctest */,
			);
			name = Products;
			sourceTree = "<group>";
		};
		2274F1102AA19CF5009D6140 /* TestSUI */ = {
			isa = PBXGroup;
			children = (
				2274F1112AA19CF5009D6140 /* TestSUIApp.swift */,
				2274F1132AA19CF5009D6140 /* ContentView.swift */,
				2274F1152AA19CF6009D6140 /* Assets.xcassets */,
				2274F1172AA19CF6009D6140 /* Preview Content */,
			);
			path = TestSUI;
			sourceTree = "<group>";
		};
		2274F1172AA19CF6009D6140 /* Preview Content */ = {
			isa = PBXGroup;
			children = (
				2274F1182AA19CF6009D6140 /* Preview Assets.xcassets */,
			);
			path = "Preview Content";
			sourceTree = "<group>";
		};
		2274F1212AA19CF6009D6140 /* TestSUITests */ = {
			isa = PBXGroup;
			children = (
				2274F1222AA19CF6009D6140 /* TestSUITests.swift */,
			);
			path = TestSUITests;
			sourceTree = "<group>";
		};
		2274F12B2AA19CF6009D6140 /* TestSUIUITests */ = {
			isa = PBXGroup;
			children = (
				2274F12C2AA19CF6009D6140 /* TestSUIUITests.swift */,
				2274F12E2AA19CF6009D6140 /* TestSUIUITestsLaunchTests.swift */,
			);
			path = TestSUIUITests;
			sourceTree = "<group>";
		};
/* End PBXGroup section */

/* Begin PBXNativeTarget section */
		2274F10D2AA19CF5009D6140 /* TestSUI */ = {
			isa = PBXNativeTarget;
			buildConfigurationList = 2274F1322AA19CF6009D6140 /* Build configuration list for PBXNativeTarget "TestSUI" */;
			buildPhases = (
				2274F10A2AA19CF5009D6140 /* Sources */,
				2274F10B2AA19CF5009D6140 /* Frameworks */,
				2274F10C2AA19CF5009D6140 /* Resources */,
			);
			buildRules = (
			);
			dependencies = (
			);
			name = TestSUI;
			productName = TestSUI;
			productReference = 2274F10E2AA19CF5009D6140 /* TestSUI.app */;
			productType = "com.apple.product-type.application";
		};
		2274F11D2AA19CF6009D6140 /* TestSUITests */ = {
			isa = PBXNativeTarget;
			buildConfigurationList = 2274F1352AA19CF6009D6140 /* Build configuration list for PBXNativeTarget "TestSUITests" */;
			buildPhases = (
				2274F11A2AA19CF6009D6140 /* Sources */,
				2274F11B2AA19CF6009D6140 /* Frameworks */,
				2274F11C2AA19CF6009D6140 /* Resources */,
			);
			buildRules = (
			);
			dependencies = (
				2274F1202AA19CF6009D6140 /* PBXTargetDependency */,
			);
			name = TestSUITests;
			productName = TestSUITests;
			productReference = 2274F11E2AA19CF6009D6140 /* TestSUITests.xctest */;
			productType = "com.apple.product-type.bundle.unit-test";
		};
		2274F1272AA19CF6009D6140 /* TestSUIUITests */ = {
			isa = PBXNativeTarget;
			buildConfigurationList = 2274F1382AA19CF6009D6140 /* Build configuration list for PBXNativeTarget "TestSUIUITests" */;
			buildPhases = (
				2274F1242AA19CF6009D6140 /* Sources */,
				2274F1252AA19CF6009D6140 /* Frameworks */,
				2274F1262AA19CF6009D6140 /* Resources */,
			);
			buildRules = (
			);
			dependencies = (
				2274F12A2AA19CF6009D6140 /* PBXTargetDependency */,
			);
			name = TestSUIUITests;
			productName = TestSUIUITests;
			productReference = 2274F1282AA19CF6009D6140 /* TestSUIUITests.xctest */;
			productType = "com.apple.product-type.bundle.ui-testing";
		};
/* End PBXNativeTarget section */

/* Begin PBXProject section */
		2274F1062AA19CF5009D6140 /* Project object */ = {
			isa = PBXProject;
			attributes = {
				BuildIndependentTargetsInParallel = 1;
				LastSwiftUpdateCheck = 1430;
				LastUpgradeCheck = 1430;
				TargetAttributes = {
					2274F10D2AA19CF5009D6140 = {
						CreatedOnToolsVersion = 14.3;
					};
					2274F11D2AA19CF6009D6140 = {
						CreatedOnToolsVersion = 14.3;
						TestTargetID = 2274F10D2AA19CF5009D6140;
					};
					2274F1272AA19CF6009D6140 = {
						CreatedOnToolsVersion = 14.3;
						TestTargetID = 2274F10D2AA19CF5009D6140;
					};
				};
			};
			buildConfigurationList = 2274F1092AA19CF5009D6140 /* Build configuration list for PBXProject "TestSUI" */;
			compatibilityVersion = "Xcode 14.0";
			developmentRegion = en;
			hasScannedForEncodings = 0;
			knownRegions = (
				en,
				Base,
			);
			mainGroup = 2274F1052AA19CF5009D6140;
			productRefGroup = 2274F10F2AA19CF5009D6140 /* Products */;
			projectDirPath = "";
			projectRoot = "";
			targets = (
				2274F10D2AA19CF5009D6140 /* TestSUI */,
				2274F11D2AA19CF6009D6140 /* TestSUITests */,
				2274F1272AA19CF6009D6140 /* TestSUIUITests */,
			);
		};
/* End PBXProject section */

/* Begin PBXResourcesBuildPhase section */
		2274F10C2AA19CF5009D6140 /* Resources */ = {
			isa = PBXResourcesBuildPhase;
			buildActionMask = 2147483647;
			files = (
				2274F1192AA19CF6009D6140 /* Preview Assets.xcassets in Resources */,
				2274F1162AA19CF6009D6140 /* Assets.xcassets in Resources */,
			);
			runOnlyForDeploymentPostprocessing = 0;
		};
		2274F11C2AA19CF6009D6140 /* Resources */ = {
			isa = PBXResourcesBuildPhase;
			buildActionMask = 2147483647;
			files = (
			);
			runOnlyForDeploymentPostprocessing = 0;
		};
		2274F1262AA19CF6009D6140 /* Resources */ = {
			isa = PBXResourcesBuildPhase;
			buildActionMask = 2147483647;
			files = (
			);
			runOnlyForDeploymentPostprocessing = 0;
		};
/* End PBXResourcesBuildPhase section */

/* Begin PBXSourcesBuildPhase section */
		2274F10A2AA19CF5009D6140 /* Sources */ = {
			isa = PBXSourcesBuildPhase;
			buildActionMask = 2147483647;
			files = (
				2274F1142AA19CF5009D6140 /* ContentView.swift in Sources */,
				2274F1122AA19CF5009D6140 /* TestSUIApp.swift in Sources */,
			);
			runOnlyForDeploymentPostprocessing = 0;
		};
		2274F11A2AA19CF6009D6140 /* Sources */ = {
			isa = PBXSourcesBuildPhase;
			buildActionMask = 2147483647;
			files = (
				2274F1232AA19CF6009D6140 /* TestSUITests.swift in Sources */,
			);
			runOnlyForDeploymentPostprocessing = 0;
		};
		2274F1242AA19CF6009D6140 /* Sources */ = {
			isa = PBXSourcesBuildPhase;
			buildActionMask = 2147483647;
			files = (
				2274F12F2AA19CF6009D6140 /* TestSUIUITestsLaunchTests.swift in Sources */,
				2274F12D2AA19CF6009D6140 /* TestSUIUITests.swift in Sources */,
			);
			runOnlyForDeploymentPostprocessing = 0;
		};
/* End PBXSourcesBuildPhase section */

/* Begin PBXTargetDependency section */
		2274F1202AA19CF6009D6140 /* PBXTargetDependency */ = {
			isa = PBXTargetDependency;
			target = 2274F10D2AA19CF5009D6140 /* TestSUI */;
			targetProxy = 2274F11F2AA19CF6009D6140 /* PBXContainerItemProxy */;
		};
		2274F12A2AA19CF6009D6140 /* PBXTargetDependency */ = {
			isa = PBXTargetDependency;
			target = 2274F10D2AA19CF5009D6140 /* TestSUI */;
			targetProxy = 2274F1292AA19CF6009D6140 /* PBXContainerItemProxy */;
		};
/* End PBXTargetDependency section */

/* Begin XCBuildConfiguration section */
		2274F1302AA19CF6009D6140 /* Debug */ = {
			isa = XCBuildConfiguration;
			buildSettings = {
				ALWAYS_SEARCH_USER_PATHS = NO;
				CLANG_ANALYZER_NONNULL = YES;
				CLANG_ANALYZER_NUMBER_OBJECT_CONVERSION = YES_AGGRESSIVE;
				CLANG_CXX_LANGUAGE_STANDARD = "gnu++20";
				CLANG_ENABLE_MODULES = YES;
				CLANG_ENABLE_OBJC_ARC = YES;
				CLANG_ENABLE_OBJC_WEAK = YES;
				CLANG_WARN_BLOCK_CAPTURE_AUTORELEASING = YES;
				CLANG_WARN_BOOL_CONVERSION = YES;
				CLANG_WARN_COMMA = YES;
				CLANG_WARN_CONSTANT_CONVERSION = YES;
				CLANG_WARN_DEPRECATED_OBJC_IMPLEMENTATIONS = YES;
				CLANG_WARN_DIRECT_OBJC_ISA_USAGE = YES_ERROR;
				CLANG_WARN_DOCUMENTATION_COMMENTS = YES;
				CLANG_WARN_EMPTY_BODY = YES;
				CLANG_WARN_ENUM_CONVERSION = YES;
				CLANG_WARN_INFINITE_RECURSION = YES;
				CLANG_WARN_INT_CONVERSION = YES;
				CLANG_WARN_NON_LITERAL_NULL_CONVERSION = YES;
				CLANG_WARN_OBJC_IMPLICIT_RETAIN_SELF = YES;
				CLANG_WARN_OBJC_LITERAL_CONVERSION = YES;
				CLANG_WARN_OBJC_ROOT_CLASS = YES_ERROR;
				CLANG_WARN_QUOTED_INCLUDE_IN_FRAMEWORK_HEADER = YES;
				CLANG_WARN_RANGE_LOOP_ANALYSIS = YES;
				CLANG_WARN_STRICT_PROTOTYPES = YES;
				CLANG_WARN_SUSPICIOUS_MOVE = YES;
				CLANG_WARN_UNGUARDED_AVAILABILITY = YES_AGGRESSIVE;
				CLANG_WARN_UNREACHABLE_CODE = YES;
				CLANG_WARN__DUPLICATE_METHOD_MATCH = YES;
				COPY_PHASE_STRIP = NO;
				DEBUG_INFORMATION_FORMAT = dwarf;
				ENABLE_STRICT_OBJC_MSGSEND = YES;
				ENABLE_TESTABILITY = YES;
				GCC_C_LANGUAGE_STANDARD = gnu11;
				GCC_DYNAMIC_NO_PIC = NO;
				GCC_NO_COMMON_BLOCKS = YES;
				GCC_OPTIMIZATION_LEVEL = 0;
				GCC_PREPROCESSOR_DEFINITIONS = (
					"DEBUG=1",
					"$(inherited)",
				);
				GCC_WARN_64_TO_32_BIT_CONVERSION = YES;
				GCC_WARN_ABOUT_RETURN_TYPE = YES_ERROR;
				GCC_WARN_UNDECLARED_SELECTOR = YES;
				GCC_WARN_UNINITIALIZED_AUTOS = YES_AGGRESSIVE;
				GCC_WARN_UNUSED_FUNCTION = YES;
				GCC_WARN_UNUSED_VARIABLE = YES;
				IPHONEOS_DEPLOYMENT_TARGET = 16.4;
				MTL_ENABLE_DEBUG_INFO = INCLUDE_SOURCE;
				MTL_FAST_MATH = YES;
				ONLY_ACTIVE_ARCH = YES;
				SDKROOT = iphoneos;
				SWIFT_ACTIVE_COMPILATION_CONDITIONS = DEBUG;
				SWIFT_OPTIMIZATION_LEVEL = "-Onone";
			};
			name = Debug;
		};
		2274F1312AA19CF6009D6140 /* Release */ = {
			isa = XCBuildConfiguration;
			buildSettings = {
				ALWAYS_SEARCH_USER_PATHS = NO;
				CLANG_ANALYZER_NONNULL = YES;
				CLANG_ANALYZER_NUMBER_OBJECT_CONVERSION = YES_AGGRESSIVE;
				CLANG_CXX_LANGUAGE_STANDARD = "gnu++20";
				CLANG_ENABLE_MODULES = YES;
				CLANG_ENABLE_OBJC_ARC = YES;
				CLANG_ENABLE_OBJC_WEAK = YES;
				CLANG_WARN_BLOCK_CAPTURE_AUTORELEASING = YES;
				CLANG_WARN_BOOL_CONVERSION = YES;
				CLANG_WARN_COMMA = YES;
				CLANG_WARN_CONSTANT_CONVERSION = YES;
				CLANG_WARN_DEPRECATED_OBJC_IMPLEMENTATIONS = YES;
				CLANG_WARN_DIRECT_OBJC_ISA_USAGE = YES_ERROR;
				CLANG_WARN_DOCUMENTATION_COMMENTS = YES;
				CLANG_WARN_EMPTY_BODY = YES;
				CLANG_WARN_ENUM_CONVERSION = YES;
				CLANG_WARN_INFINITE_RECURSION = YES;
				CLANG_WARN_INT_CONVERSION = YES;
				CLANG_WARN_NON_LITERAL_NULL_CONVERSION = YES;
				CLANG_WARN_OBJC_IMPLICIT_RETAIN_SELF = YES;
				CLANG_WARN_OBJC_LITERAL_CONVERSION = YES;
				CLANG_WARN_OBJC_ROOT_CLASS = YES_ERROR;
				CLANG_WARN_QUOTED_INCLUDE_IN_FRAMEWORK_HEADER = YES;
				CLANG_WARN_RANGE_LOOP_ANALYSIS = YES;
				CLANG_WARN_STRICT_PROTOTYPES = YES;
				CLANG_WARN_SUSPICIOUS_MOVE = YES;
				CLANG_WARN_UNGUARDED_AVAILABILITY = YES_AGGRESSIVE;
				CLANG_WARN_UNREACHABLE_CODE = YES;
				CLANG_WARN__DUPLICATE_METHOD_MATCH = YES;
				COPY_PHASE_STRIP = NO;
				DEBUG_INFORMATION_FORMAT = "dwarf-with-dsym";
				ENABLE_NS_ASSERTIONS = NO;
				ENABLE_STRICT_OBJC_MSGSEND = YES;
				GCC_C_LANGUAGE_STANDARD = gnu11;
				GCC_NO_COMMON_BLOCKS = YES;
				GCC_WARN_64_TO_32_BIT_CONVERSION = YES;
				GCC_WARN_ABOUT_RETURN_TYPE = YES_ERROR;
				GCC_WARN_UNDECLARED_SELECTOR = YES;
				GCC_WARN_UNINITIALIZED_AUTOS = YES_AGGRESSIVE;
				GCC_WARN_UNUSED_FUNCTION = YES;
				GCC_WARN_UNUSED_VARIABLE = YES;
				IPHONEOS_DEPLOYMENT_TARGET = 16.4;
				MTL_ENABLE_DEBUG_INFO = NO;
				MTL_FAST_MATH = YES;
				SDKROOT = iphoneos;
				SWIFT_COMPILATION_MODE = wholemodule;
				SWIFT_OPTIMIZATION_LEVEL = "-O";
				VALIDATE_PRODUCT = YES;
			};
			name = Release;
		};
		2274F1332AA19CF6009D6140 /* Debug */ = {
			isa = XCBuildConfiguration;
			buildSettings = {
				ASSETCATALOG_COMPILER_APPICON_NAME = AppIcon;
				ASSETCATALOG_COMPILER_GLOBAL_ACCENT_COLOR_NAME = AccentColor;
				CODE_SIGN_STYLE = Automatic;
				CURRENT_PROJECT_VERSION = 1;
				DEVELOPMENT_ASSET_PATHS = "\"TestSUI/Preview Content\"";
				ENABLE_PREVIEWS = YES;
				GENERATE_INFOPLIST_FILE = YES;
				INFOPLIST_KEY_UIApplicationSceneManifest_Generation = YES;
				INFOPLIST_KEY_UIApplicationSupportsIndirectInputEvents = YES;
				INFOPLIST_KEY_UILaunchScreen_Generation = YES;
				INFOPLIST_KEY_UISupportedInterfaceOrientations_iPad = "UIInterfaceOrientationPortrait UIInterfaceOrientationPortraitUpsideDown UIInterfaceOrientationLandscapeLeft UIInterfaceOrientationLandscapeRight";
				INFOPLIST_KEY_UISupportedInterfaceOrientations_iPhone = "UIInterfaceOrientationPortrait UIInterfaceOrientationLandscapeLeft UIInterfaceOrientationLandscapeRight";
				LD_RUNPATH_SEARCH_PATHS = (
					"$(inherited)",
					"@executable_path/Frameworks",
				);
				MARKETING_VERSION = 1.0;
				PRODUCT_BUNDLE_IDENTIFIER = com.switfuitest.TestSUI;
				PRODUCT_NAME = "$(TARGET_NAME)";
				SWIFT_EMIT_LOC_STRINGS = YES;
				SWIFT_VERSION = 5.0;
				TARGETED_DEVICE_FAMILY = "1,2";
			};
			name = Debug;
		};
		2274F1342AA19CF6009D6140 /* Release */ = {
			isa = XCBuildConfiguration;
			buildSettings = {
				ASSETCATALOG_COMPILER_APPICON_NAME = AppIcon;
				ASSETCATALOG_COMPILER_GLOBAL_ACCENT_COLOR_NAME = AccentColor;
				CODE_SIGN_STYLE = Automatic;
				CURRENT_PROJECT_VERSION = 1;
				DEVELOPMENT_ASSET_PATHS = "\"TestSUI/Preview Content\"";
				ENABLE_PREVIEWS = YES;
				GENERATE_INFOPLIST_FILE = YES;
				INFOPLIST_KEY_UIApplicationSceneManifest_Generation = YES;
				INFOPLIST_KEY_UIApplicationSupportsIndirectInputEvents = YES;
				INFOPLIST_KEY_UILaunchScreen_Generation = YES;
				INFOPLIST_KEY_UISupportedInterfaceOrientations_iPad = "UIInterfaceOrientationPortrait UIInterfaceOrientationPortraitUpsideDown UIInterfaceOrientationLandscapeLeft UIInterfaceOrientationLandscapeRight";
				INFOPLIST_KEY_UISupportedInterfaceOrientations_iPhone = "UIInterfaceOrientationPortrait UIInterfaceOrientationLandscapeLeft UIInterfaceOrientationLandscapeRight";
				LD_RUNPATH_SEARCH_PATHS = (
					"$(inherited)",
					"@executable_path/Frameworks",
				);
				MARKETING_VERSION = 1.0;
				PRODUCT_BUNDLE_IDENTIFIER = com.switfuitest.TestSUI;
				PRODUCT_NAME = "$(TARGET_NAME)";
				SWIFT_EMIT_LOC_STRINGS = YES;
				SWIFT_VERSION = 5.0;
				TARGETED_DEVICE_FAMILY = "1,2";
			};
			name = Release;
		};
		2274F1362AA19CF6009D6140 /* Debug */ = {
			isa = XCBuildConfiguration;
			buildSettings = {
				ALWAYS_EMBED_SWIFT_STANDARD_LIBRARIES = YES;
				BUNDLE_LOADER = "$(TEST_HOST)";
				CODE_SIGN_STYLE = Automatic;
				CURRENT_PROJECT_VERSION = 1;
				GENERATE_INFOPLIST_FILE = YES;
				IPHONEOS_DEPLOYMENT_TARGET = 16.4;
				MARKETING_VERSION = 1.0;
				PRODUCT_BUNDLE_IDENTIFIER = com.switfuitest.TestSUITests;
				PRODUCT_NAME = "$(TARGET_NAME)";
				SWIFT_EMIT_LOC_STRINGS = NO;
				SWIFT_VERSION = 5.0;
				TARGETED_DEVICE_FAMILY = "1,2";
				TEST_HOST = "$(BUILT_PRODUCTS_DIR)/TestSUI.app/$(BUNDLE_EXECUTABLE_FOLDER_PATH)/TestSUI";
			};
			name = Debug;
		};
		2274F1372AA19CF6009D6140 /* Release */ = {
			isa = XCBuildConfiguration;
			buildSettings = {
				ALWAYS_EMBED_SWIFT_STANDARD_LIBRARIES = YES;
				BUNDLE_LOADER = "$(TEST_HOST)";
				CODE_SIGN_STYLE = Automatic;
				CURRENT_PROJECT_VERSION = 1;
				GENERATE_INFOPLIST_FILE = YES;
				IPHONEOS_DEPLOYMENT_TARGET = 16.4;
				MARKETING_VERSION = 1.0;
				PRODUCT_BUNDLE_IDENTIFIER = com.switfuitest.TestSUITests;
				PRODUCT_NAME = "$(TARGET_NAME)";
				SWIFT_EMIT_LOC_STRINGS = NO;
				SWIFT_VERSION = 5.0;
				TARGETED_DEVICE_FAMILY = "1,2";
				TEST_HOST = "$(BUILT_PRODUCTS_DIR)/TestSUI.app/$(BUNDLE_EXECUTABLE_FOLDER_PATH)/TestSUI";
			};
			name = Release;
		};
		2274F1392AA19CF6009D6140 /* Debug */ = {
			isa = XCBuildConfiguration;
			buildSettings = {
				ALWAYS_EMBED_SWIFT_STANDARD_LIBRARIES = YES;
				CODE_SIGN_STYLE = Automatic;
				CURRENT_PROJECT_VERSION = 1;
				GENERATE_INFOPLIST_FILE = YES;
				MARKETING_VERSION = 1.0;
				PRODUCT_BUNDLE_IDENTIFIER = com.switfuitest.TestSUIUITests;
				PRODUCT_NAME = "$(TARGET_NAME)";
				SWIFT_EMIT_LOC_STRINGS = NO;
				SWIFT_VERSION = 5.0;
				TARGETED_DEVICE_FAMILY = "1,2";
				TEST_TARGET_NAME = TestSUI;
			};
			name = Debug;
		};
		2274F13A2AA19CF6009D6140 /* Release */ = {
			isa = XCBuildConfiguration;
			buildSettings = {
				ALWAYS_EMBED_SWIFT_STANDARD_LIBRARIES = YES;
				CODE_SIGN_STYLE = Automatic;
				CURRENT_PROJECT_VERSION = 1;
				GENERATE_INFOPLIST_FILE = YES;
				MARKETING_VERSION = 1.0;
				PRODUCT_BUNDLE_IDENTIFIER = com.switfuitest.TestSUIUITests;
				PRODUCT_NAME = "$(TARGET_NAME)";
				SWIFT_EMIT_LOC_STRINGS = NO;
				SWIFT_VERSION = 5.0;
				TARGETED_DEVICE_FAMILY = "1,2";
				TEST_TARGET_NAME = TestSUI;
			};
			name = Release;
		};
/* End XCBuildConfiguration section */

/* Begin XCConfigurationList section */
		2274F1092AA19CF5009D6140 /* Build configuration list for PBXProject "TestSUI" */ = {
			isa = XCConfigurationList;
			buildConfigurations = (
				2274F1302AA19CF6009D6140 /* Debug */,
				2274F1312AA19CF6009D6140 /* Release */,
			);
			defaultConfigurationIsVisible = 0;
			defaultConfigurationName = Release;
		};
		2274F1322AA19CF6009D6140 /* Build configuration list for PBXNativeTarget "TestSUI" */ = {
			isa = XCConfigurationList;
			buildConfigurations = (
				2274F1332AA19CF6009D6140 /* Debug */,
				2274F1342AA19CF6009D6140 /* Release */,
			);
			defaultConfigurationIsVisible = 0;
			defaultConfigurationName = Release;
		};
		2274F1352AA19CF6009D6140 /* Build configuration list for PBXNativeTarget "TestSUITests" */ = {
			isa = XCConfigurationList;
			buildConfigurations = (
				2274F1362AA19CF6009D6140 /* Debug */,
				2274F1372AA19CF6009D6140 /* Release */,
			);
			defaultConfigurationIsVisible = 0;
			defaultConfigurationName = Release;
		};
		2274F1382AA19CF6009D6140 /* Build configuration list for PBXNativeTarget "TestSUIUITests" */ = {
			isa = XCConfigurationList;
			buildConfigurations = (
				2274F1392AA19CF6009D6140 /* Debug */,
				2274F13A2AA19CF6009D6140 /* Release */,
			);
			defaultConfigurationIsVisible = 0;
			defaultConfigurationName = Release;
		};
/* End XCConfigurationList section */
	};
	rootObject = 2274F1062AA19CF5009D6140 /* Project object */;
}
